
Microsoft Visual Studio Solution File, Format Version 12.00
# Visual Studio Version 17
VisualStudioVersion = 17.0.31903.59
MinimumVisualStudioVersion = 10.0.40219.1
Project("{FAE04EC0-301F-11D3-BF4B-00C04F79EFBC}") = "CalculadoraApp", "CalculadoraApp\CalculadoraApp.csproj", "{0DA854E4-3BE9-4D68-8CC9-D7C8AA881CA9}"
EndProject
Project("{FAE04EC0-301F-11D3-BF4B-00C04F79EFBC}") = "CalculadoraApp.Tests", "CalculadoraApp.Tests\CalculadoraApp.Tests.csproj", "{459661A8-3B57-474C-B529-0B170BEDB5DE}"
EndProject
Global
	GlobalSection(SolutionConfigurationPlatforms) = preSolution
		Debug|Any CPU = Debug|Any CPU
		Release|Any CPU = Release|Any CPU
	EndGlobalSection
	GlobalSection(SolutionProperties) = preSolution
		HideSolutionNode = FALSE
	EndGlobalSection
	GlobalSection(ProjectConfigurationPlatforms) = postSolution
		{0DA854E4-3BE9-4D68-8CC9-D7C8AA881CA9}.Debug|Any CPU.ActiveCfg = Debug|Any CPU
		{0DA854E4-3BE9-4D68-8CC9-D7C8AA881CA9}.Debug|Any CPU.Build.0 = Debug|Any CPU
		{0DA854E4-3BE9-4D68-8CC9-D7C8AA881CA9}.Release|Any CPU.ActiveCfg = Release|Any CPU
		{0DA854E4-3BE9-4D68-8CC9-D7C8AA881CA9}.Release|Any CPU.Build.0 = Release|Any CPU
		{459661A8-3B57-474C-B529-0B170BEDB5DE}.Debug|Any CPU.ActiveCfg = Debug|Any CPU
		{459661A8-3B57-474C-B529-0B170BEDB5DE}.Debug|Any CPU.Build.0 = Debug|Any CPU
		{459661A8-3B57-474C-B529-0B170BEDB5DE}.Release|Any CPU.ActiveCfg = Release|Any CPU
		{459661A8-3B57-474C-B529-0B170BEDB5DE}.Release|Any CPU.Build.0 = Release|Any CPU
	EndGlobalSection
EndGlobal
